
Microsoft Visual Studio Solution File, Format Version 12.00
# Visual Studio 14
VisualStudioVersion = 14.0.25420.1
MinimumVisualStudioVersion = 10.0.40219.1
Project("{FAE04EC0-301F-11D3-BF4B-00C04F79EFBC}") = "FiboPlaygroud", "FiboPlaygroud\FiboPlaygroud.csproj", "{7FB80D9E-D7A2-46D5-BBB5-4E1E43266FD2}"
EndProject
Project("{FAE04EC0-301F-11D3-BF4B-00C04F79EFBC}") = "FobiPlayground.Tests", "FobiPlayground.Tests\FobiPlayground.Tests.csproj", "{4D55A085-1D2B-4A7F-B221-D75CE8F8E4C1}"
EndProject
Project("{FAE04EC0-301F-11D3-BF4B-00C04F79EFBC}") = "ThreadConsole", "ThreadConsole\ThreadConsole.csproj", "{70D39FF1-D427-4660-8244-FFF424603905}"
EndProject
Global
	GlobalSection(SolutionConfigurationPlatforms) = preSolution
		Debug|Any CPU = Debug|Any CPU
		Release|Any CPU = Release|Any CPU
	EndGlobalSection
	GlobalSection(ProjectConfigurationPlatforms) = postSolution
		{7FB80D9E-D7A2-46D5-BBB5-4E1E43266FD2}.Debug|Any CPU.ActiveCfg = Debug|Any CPU
		{7FB80D9E-D7A2-46D5-BBB5-4E1E43266FD2}.Debug|Any CPU.Build.0 = Debug|Any CPU
		{7FB80D9E-D7A2-46D5-BBB5-4E1E43266FD2}.Release|Any CPU.ActiveCfg = Release|Any CPU
		{7FB80D9E-D7A2-46D5-BBB5-4E1E43266FD2}.Release|Any CPU.Build.0 = Release|Any CPU
		{4D55A085-1D2B-4A7F-B221-D75CE8F8E4C1}.Debug|Any CPU.ActiveCfg = Debug|Any CPU
		{4D55A085-1D2B-4A7F-B221-D75CE8F8E4C1}.Debug|Any CPU.Build.0 = Debug|Any CPU
		{4D55A085-1D2B-4A7F-B221-D75CE8F8E4C1}.Release|Any CPU.ActiveCfg = Release|Any CPU
		{4D55A085-1D2B-4A7F-B221-D75CE8F8E4C1}.Release|Any CPU.Build.0 = Release|Any CPU
		{70D39FF1-D427-4660-8244-FFF424603905}.Debug|Any CPU.ActiveCfg = Debug|Any CPU
		{70D39FF1-D427-4660-8244-FFF424603905}.Debug|Any CPU.Build.0 = Debug|Any CPU
		{70D39FF1-D427-4660-8244-FFF424603905}.Release|Any CPU.ActiveCfg = Release|Any CPU
		{70D39FF1-D427-4660-8244-FFF424603905}.Release|Any CPU.Build.0 = Release|Any CPU
	EndGlobalSection
	GlobalSection(SolutionProperties) = preSolution
		HideSolutionNode = FALSE
	EndGlobalSection
EndGlobal
